lockfileVersion: '6.0'

settings:
  autoInstallPeers: true
  excludeLinksFromLockfile: false

dependencies:
  react:
    specifier: ^19.2.5
    version: 19.2.5
  react-dom:
    specifier: ^19.2.5
    version: 19.2.5(react@19.2.5)

devDependencies:
  '@cloudbase/cli':
    specifier: ^3.2.2
    version: 3.2.2
  '@rsbuild/core':
    specifier: ^2.0.0
    version: 2.0.1
  '@rsbuild/plugin-babel':
    specifier: ^1.1.2
    version: 1.1.2(@rsbuild/core@2.0.1)
  '@rsbuild/plugin-react':
    specifier: ^2.0.0
    version: 2.0.0(@rsbuild/core@2.0.1)
  '@tailwindcss/postcss':
    specifier: ^4.2.2
    version: 4.2.4
  '@types/react':
    specifier: ^19.2.14
    version: 19.2.14
  '@types/react-dom':
    specifier: ^19.2.3
    version: 19.2.3(@types/react@19.2.14)
  babel-plugin-react-compiler:
    specifier: ^1.0.0
    version: 1.0.0
  prettier:
    specifier: ^3.8.3
    version: 3.8.3
  tailwindcss:
    specifier: ^4.2.2
    version: 4.2.4
  typescript:
    specifier: ^6.0.3
    version: 6.0.3

packages:

  /@alloc/quick-lru@5.2.0:
    resolution: {integrity: sha512-UrcABB+4bUrFABwbluTIBErXwvbsU/V7TZWfmbgJfbkwiBuziS9gxdODUyuiecfdGQ85jglMW6juS3+z5TsKLw==}
    engines: {node: '>=10'}
    dev: true

  /@babel/code-frame@7.29.0:
    resolution: {integrity: sha512-9NhCeYjq9+3uxgdtp20LSiJXJvN0FeCtNGpJxuMFZ1Kv3cWUNb6DOhJwUvcVCzKGR66cw4njwM6hrJLqgOwbcw==}
    engines: {node: '>=6.9.0'}
    dependencies:
      '@babel/helper-validator-identifier': 7.28.5
      js-tokens: 4.0.0
      picocolors: 1.1.1
    dev: true

  /@babel/compat-data@7.29.0:
    resolution: {integrity: sha512-T1NCJqT/j9+cn8fvkt7jtwbLBfLC/1y1c7NtCeXFRgzGTsafi68MRv8yzkYSapBnFA6L3U2VSc02ciDzoAJhJg==}
    engines: {node: '>=6.9.0'}
    dev: true

  /@babel/core@7.29.0:
    resolution: {integrity: sha512-CGOfOJqWjg2qW/Mb6zNsDm+u5vFQ8DxXfbM09z69p5Z6+mE1ikP2jUXw+j42Pf1XTYED2Rni5f95npYeuwMDQA==}
    engines: {node: '>=6.9.0'}
    dependencies:
      '@babel/code-frame': 7.29.0
      '@babel/generator': 7.29.1
      '@babel/helper-compilation-targets': 7.28.6
      '@babel/helper-module-transforms': 7.28.6(@babel/core@7.29.0)
      '@babel/helpers': 7.29.2
      '@babel/parser': 7.29.2
      '@babel/template': 7.28.6
      '@babel/traverse': 7.29.0
      '@babel/types': 7.29.0
      '@jridgewell/remapping': 2.3.5
      convert-source-map: 2.0.0
      debug: 4.4.3
      gensync: 1.0.0-beta.2
      json5: 2.2.3
      semver: 6.3.1
    transitivePeerDependencies:
      - supports-color
    dev: true

  /@babel/generator@7.29.1:
    resolution: {integrity: sha512-qsaF+9Qcm2Qv8SRIMMscAvG4O3lJ0F1GuMo5HR/Bp02LopNgnZBC/EkbevHFeGs4ls/oPz9v+Bsmzbkbe+0dUw==}
    engines: {node: '>=6.9.0'}
    dependencies:
      '@babel/parser': 7.29.2
      '@babel/types': 7.29.0
      '@jridgewell/gen-mapping': 0.3.13
      '@jridgewell/trace-mapping': 0.3.31
      jsesc: 3.1.0
    dev: true

  /@babel/helper-annotate-as-pure@7.27.3:
    resolution: {integrity: sha512-fXSwMQqitTGeHLBC08Eq5yXz2m37E4pJX1qAU1+2cNedz/ifv/bVXft90VeSav5nFO61EcNgwr0aJxbyPaWBPg==}
    engines: {node: '>=6.9.0'}
    dependencies:
      '@babel/types': 7.29.0
    dev: true

  /@babel/helper-compilation-targets@7.28.6:
    resolution: {integrity: sha512-JYtls3hqi15fcx5GaSNL7SCTJ2MNmjrkHXg4FSpOA/grxK8KwyZ5bubHsCq8FXCkua6xhuaaBit+3b7+VZRfcA==}
    engines: {node: '>=6.9.0'}
    dependencies:
      '@babel/compat-data': 7.29.0
      '@babel/helper-validator-option': 7.27.1
      browserslist: 4.28.2
      lru-cache: 5.1.1
      semver: 6.3.1
    dev: true

  /@babel/helper-create-class-features-plugin@7.28.6(@babel/core@7.29.0):
    resolution: {integrity: sha512-dTOdvsjnG3xNT9Y0AUg1wAl38y+4Rl4sf9caSQZOXdNqVn+H+HbbJ4IyyHaIqNR6SW9oJpA/RuRjsjCw2IdIow==}
    engines: {node: '>=6.9.0'}
    peerDependencies:
      '@babel/core': ^7.0.0
    dependencies:
      '@babel/core': 7.29.0
      '@babel/helper-annotate-as-pure': 7.27.3
      '@babel/helper-member-expression-to-functions': 7.28.5
      '@babel/helper-optimise-call-expression': 7.27.1
      '@babel/helper-replace-supers': 7.28.6(@babel/core@7.29.0)
      '@babel/helper-skip-transparent-expression-wrappers': 7.27.1
      '@babel/traverse': 7.29.0
      semver: 6.3.1
    transitivePeerDependencies:
      - supports-color
    dev: true

  /@babel/helper-globals@7.28.0:
    resolution: {integrity: sha512-+W6cISkXFa1jXsDEdYA8HeevQT/FULhxzR99pxphltZcVaugps53THCeiWA8SguxxpSp3gKPiuYfSWopkLQ4hw==}
    engines: {node: '>=6.9.0'}
    dev: true

  /@babel/helper-member-expression-to-functions@7.28.5:
    resolution: {integrity: sha512-cwM7SBRZcPCLgl8a7cY0soT1SptSzAlMH39vwiRpOQkJlh53r5hdHwLSCZpQdVLT39sZt+CRpNwYG4Y2v77atg==}
    engines: {node: '>=6.9.0'}
    dependencies:
      '@babel/traverse': 7.29.0
      '@babel/types': 7.29.0
    transitivePeerDependencies:
      - supports-color
    dev: true

  /@babel/helper-module-imports@7.28.6:
    resolution: {integrity: sha512-l5XkZK7r7wa9LucGw9LwZyyCUscb4x37JWTPz7swwFE/0FMQAGpiWUZn8u9DzkSBWEcK25jmvubfpw2dnAMdbw==}
    engines: {node: '>=6.9.0'}
    dependencies:
      '@babel/traverse': 7.29.0
      '@babel/types': 7.29.0
    transitivePeerDependencies:
      - supports-color
    dev: true

  /@babel/helper-module-transforms@7.28.6(@babel/core@7.29.0):
    resolution: {integrity: sha512-67oXFAYr2cDLDVGLXTEABjdBJZ6drElUSI7WKp70NrpyISso3plG9SAGEF6y7zbha/wOzUByWWTJvEDVNIUGcA==}
    engines: {node: '>=6.9.0'}
    peerDependencies:
      '@babel/core': ^7.0.0
    dependencies:
      '@babel/core': 7.29.0
      '@babel/helper-module-imports': 7.28.6
      '@babel/helper-validator-identifier': 7.28.5
      '@babel/traverse': 7.29.0
    transitivePeerDependencies:
      - supports-color
    dev: true

  /@babel/helper-optimise-call-expression@7.27.1:
    resolution: {integrity: sha512-URMGH08NzYFhubNSGJrpUEphGKQwMQYBySzat5cAByY1/YgIRkULnIy3tAMeszlL/so2HbeilYloUmSpd7GdVw==}
    engines: {node: '>=6.9.0'}
    dependencies:
      '@babel/types': 7.29.0
    dev: true

  /@babel/helper-plugin-utils@7.28.6:
    resolution: {integrity: sha512-S9gzZ/bz83GRysI7gAD4wPT/AI3uCnY+9xn+Mx/KPs2JwHJIz1W8PZkg2cqyt3RNOBM8ejcXhV6y8Og7ly/Dug==}
    engines: {node: '>=6.9.0'}
    dev: true

  /@babel/helper-replace-supers@7.28.6(@babel/core@7.29.0):
    resolution: {integrity: sha512-mq8e+laIk94/yFec3DxSjCRD2Z0TAjhVbEJY3UQrlwVo15Lmt7C2wAUbK4bjnTs4APkwsYLTahXRraQXhb1WCg==}
    engines: {node: '>=6.9.0'}
    peerDependencies:
      '@babel/core': ^7.0.0
    dependencies:
      '@babel/core': 7.29.0
      '@babel/helper-member-expression-to-functions': 7.28.5
      '@babel/helper-optimise-call-expression': 7.27.1
      '@babel/traverse': 7.29.0
    transitivePeerDependencies:
      - supports-color
    dev: true

  /@babel/helper-skip-transparent-expression-wrappers@7.27.1:
    resolution: {integrity: sha512-Tub4ZKEXqbPjXgWLl2+3JpQAYBJ8+ikpQ2Ocj/q/r0LwE3UhENh7EUabyHjz2kCEsrRY83ew2DQdHluuiDQFzg==}
    engines: {node: '>=6.9.0'}
    dependencies:
      '@babel/traverse': 7.29.0
      '@babel/types': 7.29.0
    transitivePeerDependencies:
      - supports-color
    dev: true

  /@babel/helper-string-parser@7.27.1:
    resolution: {integrity: sha512-qMlSxKbpRlAridDExk92nSobyDdpPijUq2DW6oDnUqd0iOGxmQjyqhMIihI9+zv4LPyZdRje2cavWPbCbWm3eA==}
    engines: {node: '>=6.9.0'}
    dev: true

  /@babel/helper-validator-identifier@7.28.5:
    resolution: {integrity: sha512-qSs4ifwzKJSV39ucNjsvc6WVHs6b7S03sOh2OcHF9UHfVPqWWALUsNUVzhSBiItjRZoLHx7nIarVjqKVusUZ1Q==}
    engines: {node: '>=6.9.0'}
    dev: true

  /@babel/helper-validator-option@7.27.1:
    resolution: {integrity: sha512-YvjJow9FxbhFFKDSuFnVCe2WxXk1zWc22fFePVNEaWJEu8IrZVlda6N0uHwzZrUM1il7NC9Mlp4MaJYbYd9JSg==}
    engines: {node: '>=6.9.0'}
    dev: true

  /@babel/helpers@7.29.2:
    resolution: {integrity: sha512-HoGuUs4sCZNezVEKdVcwqmZN8GoHirLUcLaYVNBK2J0DadGtdcqgr3BCbvH8+XUo4NGjNl3VOtSjEKNzqfFgKw==}
    engines: {node: '>=6.9.0'}
    dependencies:
      '@babel/template': 7.28.6
      '@babel/types': 7.29.0
    dev: true

  /@babel/parser@7.29.2:
    resolution: {integrity: sha512-4GgRzy/+fsBa72/RZVJmGKPmZu9Byn8o4MoLpmNe1m8ZfYnz5emHLQz3U4gLud6Zwl0RZIcgiLD7Uq7ySFuDLA==}
    engines: {node: '>=6.0.0'}
    hasBin: true
    dependencies:
      '@babel/types': 7.29.0
    dev: true

  /@babel/plugin-proposal-decorators@7.29.0(@babel/core@7.29.0):
    resolution: {integrity: sha512-CVBVv3VY/XRMxRYq5dwr2DS7/MvqPm23cOCjbwNnVrfOqcWlnefua1uUs0sjdKOGjvPUG633o07uWzJq4oI6dA==}
    engines: {node: '>=6.9.0'}
    peerDependencies:
      '@babel/core': ^7.0.0-0
    dependencies:
      '@babel/core': 7.29.0
      '@babel/helper-create-class-features-plugin': 7.28.6(@babel/core@7.29.0)
      '@babel/helper-plugin-utils': 7.28.6
      '@babel/plugin-syntax-decorators': 7.28.6(@babel/core@7.29.0)
    transitivePeerDependencies:
      - supports-color
    dev: true

  /@babel/plugin-syntax-decorators@7.28.6(@babel/core@7.29.0):
    resolution: {integrity: sha512-71EYI0ONURHJBL4rSFXnITXqXrrY8q4P0q006DPfN+Rk+ASM+++IBXem/ruokgBZR8YNEWZ8R6B+rCb8VcUTqA==}
    engines: {node: '>=6.9.0'}
    peerDependencies:
      '@babel/core': ^7.0.0-0
    dependencies:
      '@babel/core': 7.29.0
      '@babel/helper-plugin-utils': 7.28.6
    dev: true

  /@babel/plugin-syntax-jsx@7.28.6(@babel/core@7.29.0):
    resolution: {integrity: sha512-wgEmr06G6sIpqr8YDwA2dSRTE3bJ+V0IfpzfSY3Lfgd7YWOaAdlykvJi13ZKBt8cZHfgH1IXN+CL656W3uUa4w==}
    engines: {node: '>=6.9.0'}
    peerDependencies:
      '@babel/core': ^7.0.0-0
    dependencies:
      '@babel/core': 7.29.0
      '@babel/helper-plugin-utils': 7.28.6
    dev: true

  /@babel/plugin-syntax-typescript@7.28.6(@babel/core@7.29.0):
    resolution: {integrity: sha512-+nDNmQye7nlnuuHDboPbGm00Vqg3oO8niRRL27/4LYHUsHYh0zJ1xWOz0uRwNFmM1Avzk8wZbc6rdiYhomzv/A==}
    engines: {node: '>=6.9.0'}
    peerDependencies:
      '@babel/core': ^7.0.0-0
    dependencies:
      '@babel/core': 7.29.0
      '@babel/helper-plugin-utils': 7.28.6
    dev: true

  /@babel/plugin-transform-class-properties@7.28.6(@babel/core@7.29.0):
    resolution: {integrity: sha512-dY2wS3I2G7D697VHndN91TJr8/AAfXQNt5ynCTI/MpxMsSzHp+52uNivYT5wCPax3whc47DR8Ba7cmlQMg24bw==}
    engines: {node: '>=6.9.0'}
    peerDependencies:
      '@babel/core': ^7.0.0-0
    dependencies:
      '@babel/core': 7.29.0
      '@babel/helper-create-class-features-plugin': 7.28.6(@babel/core@7.29.0)
      '@babel/helper-plugin-utils': 7.28.6
    transitivePeerDependencies:
      - supports-color
    dev: true

  /@babel/plugin-transform-modules-commonjs@7.28.6(@babel/core@7.29.0):
    resolution: {integrity: sha512-jppVbf8IV9iWWwWTQIxJMAJCWBuuKx71475wHwYytrRGQ2CWiDvYlADQno3tcYpS/T2UUWFQp3nVtYfK/YBQrA==}
    engines: {node: '>=6.9.0'}
    peerDependencies:
      '@babel/core': ^7.0.0-0
    dependencies:
      '@babel/core': 7.29.0
      '@babel/helper-module-transforms': 7.28.6(@babel/core@7.29.0)
      '@babel/helper-plugin-utils': 7.28.6
    transitivePeerDependencies:
      - supports-color
    dev: true

  /@babel/plugin-transform-typescript@7.28.6(@babel/core@7.29.0):
    resolution: {integrity: sha512-0YWL2RFxOqEm9Efk5PvreamxPME8OyY0wM5wh5lHjF+VtVhdneCWGzZeSqzOfiobVqQaNCd2z0tQvnI9DaPWPw==}
    engines: {node: '>=6.9.0'}
    peerDependencies:
      '@babel/core': ^7.0.0-0
    dependencies:
      '@babel/core': 7.29.0
      '@babel/helper-annotate-as-pure': 7.27.3
      '@babel/helper-create-class-features-plugin': 7.28.6(@babel/core@7.29.0)
      '@babel/helper-plugin-utils': 7.28.6
      '@babel/helper-skip-transparent-expression-wrappers': 7.27.1
      '@babel/plugin-syntax-typescript': 7.28.6(@babel/core@7.29.0)
    transitivePeerDependencies:
      - supports-color
    dev: true

  /@babel/preset-typescript@7.28.5(@babel/core@7.29.0):
    resolution: {integrity: sha512-+bQy5WOI2V6LJZpPVxY+yp66XdZ2yifu0Mc1aP5CQKgjn4QM5IN2i5fAZ4xKop47pr8rpVhiAeu+nDQa12C8+g==}
    engines: {node: '>=6.9.0'}
    peerDependencies:
      '@babel/core': ^7.0.0-0
    dependencies:
      '@babel/core': 7.29.0
      '@babel/helper-plugin-utils': 7.28.6
      '@babel/helper-validator-option': 7.27.1
      '@babel/plugin-syntax-jsx': 7.28.6(@babel/core@7.29.0)
      '@babel/plugin-transform-modules-commonjs': 7.28.6(@babel/core@7.29.0)
      '@babel/plugin-transform-typescript': 7.28.6(@babel/core@7.29.0)
    transitivePeerDependencies:
      - supports-color
    dev: true

  /@babel/template@7.28.6:
    resolution: {integrity: sha512-YA6Ma2KsCdGb+WC6UpBVFJGXL58MDA6oyONbjyF/+5sBgxY/dwkhLogbMT2GXXyU84/IhRw/2D1Os1B/giz+BQ==}
    engines: {node: '>=6.9.0'}
    dependencies:
      '@babel/code-frame': 7.29.0
      '@babel/parser': 7.29.2
      '@babel/types': 7.29.0
    dev: true

  /@babel/traverse@7.29.0:
    resolution: {integrity: sha512-4HPiQr0X7+waHfyXPZpWPfWL/J7dcN1mx9gL6WdQVMbPnF3+ZhSMs8tCxN7oHddJE9fhNE7+lxdnlyemKfJRuA==}
    engines: {node: '>=6.9.0'}
    dependencies:
      '@babel/code-frame': 7.29.0
      '@babel/generator': 7.29.1
      '@babel/helper-globals': 7.28.0
      '@babel/parser': 7.29.2
      '@babel/template': 7.28.6
      '@babel/types': 7.29.0
      debug: 4.4.3
    transitivePeerDependencies:
      - supports-color
    dev: true

  /@babel/types@7.29.0:
    resolution: {integrity: sha512-LwdZHpScM4Qz8Xw2iKSzS+cfglZzJGvofQICy7W7v4caru4EaAmyUuO6BGrbyQ2mYV11W0U8j5mBhd14dd3B0A==}
    engines: {node: '>=6.9.0'}
    dependencies:
      '@babel/helper-string-parser': 7.27.1
      '@babel/helper-validator-identifier': 7.28.5
    dev: true

  /@cloudbase/cli@3.2.2:
    resolution: {integrity: sha512-6TyOniO2n6cEj8qw0qAUAmdyV7wjgR6wYmf9FHe8aWWAaM+giOuJxeCeC8Z3oUUz909a/eN4T0N3+noPj6iOsg==}
    hasBin: true
    dev: true

  /@emnapi/core@1.10.0:
    resolution: {integrity: sha512-yq6OkJ4p82CAfPl0u9mQebQHKPJkY7WrIuk205cTYnYe+k2Z8YBh11FrbRG/H6ihirqcacOgl2BIO8oyMQLeXw==}
    requiresBuild: true
    dependencies:
      '@emnapi/wasi-threads': 1.2.1
      tslib: 2.8.1
    dev: true
    optional: true

  /@emnapi/runtime@1.10.0:
    resolution: {integrity: sha512-ewvYlk86xUoGI0zQRNq/mC+16R1QeDlKQy21Ki3oSYXNgLb45GV1P6A0M+/s6nyCuNDqe5VpaY84BzXGwVbwFA==}
    requiresBuild: true
    dependencies:
      tslib: 2.8.1
    dev: true
    optional: true

  /@emnapi/wasi-threads@1.2.1:
    resolution: {integrity: sha512-uTII7OYF+/Mes/MrcIOYp5yOtSMLBWSIoLPpcgwipoiKbli6k322tcoFsxoIIxPDqW01SQGAgko4EzZi2BNv2w==}
    requiresBuild: true
    dependencies:
      tslib: 2.8.1
    dev: true
    optional: true

  /@jridgewell/gen-mapping@0.3.13:
    resolution: {integrity: sha512-2kkt/7niJ6MgEPxF0bYdQ6etZaA+fQvDcLKckhy1yIQOzaoKjBBjSj63/aLVjYE3qhRt5dvM+uUyfCg6UKCBbA==}
    dependencies:
      '@jridgewell/sourcemap-codec': 1.5.5
      '@jridgewell/trace-mapping': 0.3.31
    dev: true

  /@jridgewell/remapping@2.3.5:
    resolution: {integrity: sha512-LI9u/+laYG4Ds1TDKSJW2YPrIlcVYOwi2fUC6xB43lueCjgxV4lffOCZCtYFiH6TNOX+tQKXx97T4IKHbhyHEQ==}
    dependencies:
      '@jridgewell/gen-mapping': 0.3.13
      '@jridgewell/trace-mapping': 0.3.31
    dev: true

  /@jridgewell/resolve-uri@3.1.2:
    resolution: {integrity: sha512-bRISgCIjP20/tbWSPWMEi54QVPRZExkuD9lJL+UIxUKtwVJA8wW1Trb1jMs1RFXo1CBTNZ/5hpC9QvmKWdopKw==}
    engines: {node: '>=6.0.0'}
    dev: true

  /@jridgewell/sourcemap-codec@1.5.5:
    resolution: {integrity: sha512-cYQ9310grqxueWbl+WuIUIaiUaDcj7WOq5fVhEljNVgRfOUhY9fy2zTvfoqWsnebh8Sl70VScFbICvJnLKB0Og==}
    dev: true

  /@jridgewell/trace-mapping@0.3.31:
    resolution: {integrity: sha512-zzNR+SdQSDJzc8joaeP8QQoCQr8NuYx2dIIytl1QeBEZHJ9uW6hebsrYgbz8hJwUQao3TWCMtmfV8Nu1twOLAw==}
    dependencies:
      '@jridgewell/resolve-uri': 3.1.2
      '@jridgewell/sourcemap-codec': 1.5.5
    dev: true

  /@napi-rs/wasm-runtime@1.1.4(@emnapi/core@1.10.0)(@emnapi/runtime@1.10.0):
    resolution: {integrity: sha512-3NQNNgA1YSlJb/kMH1ildASP9HW7/7kYnRI2szWJaofaS1hWmbGI4H+d3+22aGzXXN9IJ+n+GiFVcGipJP18ow==}
    requiresBuild: true
    peerDependencies:
      '@emnapi/core': ^1.7.1
      '@emnapi/runtime': ^1.7.1
    dependencies:
      '@emnapi/core': 1.10.0
      '@emnapi/runtime': 1.10.0
      '@tybys/wasm-util': 0.10.1
    dev: true
    optional: true

  /@rsbuild/core@2.0.1:
    resolution: {integrity: sha512-5TwUpb10Y+VYaYH8oLL/rfJGrhxrk16BiGzv101kzaMPT60MtOXgjEUTxztbjRuq0ifbtRJ/w7rsIZQ4VziWYg==}
    engines: {node: ^20.19.0 || >=22.12.0}
    hasBin: true
    peerDependencies:
      core-js: '>= 3.0.0'
    peerDependenciesMeta:
      core-js:
        optional: true
    dependencies:
      '@rspack/core': 2.0.0(@swc/helpers@0.5.21)
      '@swc/helpers': 0.5.21
    transitivePeerDependencies:
      - '@module-federation/runtime-tools'
    dev: true

  /@rsbuild/plugin-babel@1.1.2(@rsbuild/core@2.0.1):
    resolution: {integrity: sha512-qIZzosQlkj7VyFz8mmz1vAKDFlk79xrIvCRYzROqNwQHDXep+gd91nCnUPJdRPHrktzN8Yqa190CPTii3rON6w==}
    peerDependencies:
      '@rsbuild/core': ^1.0.0 || ^2.0.0-0
    peerDependenciesMeta:
      '@rsbuild/core':
        optional: true
    dependencies:
      '@babel/core': 7.29.0
      '@babel/plugin-proposal-decorators': 7.29.0(@babel/core@7.29.0)
      '@babel/plugin-transform-class-properties': 7.28.6(@babel/core@7.29.0)
      '@babel/preset-typescript': 7.28.5(@babel/core@7.29.0)
      '@rsbuild/core': 2.0.1
      '@types/babel__core': 7.20.5
      reduce-configs: 1.1.2
    transitivePeerDependencies:
      - supports-color
    dev: true

  /@rsbuild/plugin-react@2.0.0(@rsbuild/core@2.0.1):
    resolution: {integrity: sha512-/1gzt39EGUSFEqB83g46QoOwsgv172HI18i6au1b6lgIaX4sv9stuX4ijdHbHCp8PqYEq+MyQ99jIQMO6I+etg==}
    peerDependencies:
      '@rsbuild/core': ^2.0.0-0
    peerDependenciesMeta:
      '@rsbuild/core':
        optional: true
    dependencies:
      '@rsbuild/core': 2.0.1
      '@rspack/plugin-react-refresh': 2.0.0(react-refresh@0.18.0)
      react-refresh: 0.18.0
    transitivePeerDependencies:
      - '@rspack/core'
    dev: true

  /@rspack/binding-darwin-arm64@2.0.0:
    resolution: {integrity: sha512-ICBHDKYyndFqljLhjxvKfWWZu39RJSH2jkSmbceXl0kmptLSE0cLWpvk+eGSzLqtxKN0jVchwCw+5P5mWCzwAw==}
    cpu: [arm64]
    os: [darwin]
    requiresBuild: true
    dev: true
    optional: true

  /@rspack/binding-darwin-x64@2.0.0:
    resolution: {integrity: sha512-YQ96LMmzIzhZt9cZWUDWXSxS9UWWHWoLxJyZ5f42DSaVPVelBg5ThbVORDwOP5QDA2xFXj60rVnmmcZLzg/aDA==}
    cpu: [x64]
    os: [darwin]
    requiresBuild: true
    dev: true
    optional: true

  /@rspack/binding-linux-arm64-gnu@2.0.0:
    resolution: {integrity: sha512-Ufn33gzkIV7JY69k6vJQEdOzRvBqThIgH46pwXksHSMwRZp8IbJhXfyYIAVsRWCk8fXpr9t1nAvCDvJXT2EeyA==}
    cpu: [arm64]
    os: [linux]
    libc: [glibc]
    requiresBuild: true
    dev: true
    optional: true

  /@rspack/binding-linux-arm64-musl@2.0.0:
    resolution: {integrity: sha512-CZbvFKlNY9UC0C+Czz6i8JFCzGpuL9oX8gEqcJA1+84Y6eEEBH50UiTzeCewxKW3dOofkZdvT5vgNMXz6aMUmg==}
    cpu: [arm64]
    os: [linux]
    libc: [musl]
    requiresBuild: true
    dev: true
    optional: true

  /@rspack/binding-linux-x64-gnu@2.0.0:
    resolution: {integrity: sha512-dPjFGpoCvZfFpJBsWAUR+PR7mWYxpou6L026qIOpAVkz7WiTzErwKD3P1jVrpP4dM9yLb3fVE+PHHjTglhTJ4g==}
    cpu: [x64]
    os: [linux]
    libc: [glibc]
    requiresBuild: true
    dev: true
    optional: true

  /@rspack/binding-linux-x64-musl@2.0.0:
    resolution: {integrity: sha512-4fgDTMWt0mJDiugdia2mdOjTbnm7yM1Drzl1JpPqlUlOr113byOhc+qgN57LURSGypz2yz/h/Zad7/UnVAxYJw==}
    cpu: [x64]
    os: [linux]
    libc: [musl]
    requiresBuild: true
    dev: true
    optional: true

  /@rspack/binding-wasm32-wasi@2.0.0:
    resolution: {integrity: sha512-ANk73ZKtPrZf9gdtyRK2nQUfhi1uXoC5P2KF89pyVAE8+zcoLBnYtZGYpWa/cmNi5BcO5g4Z+v2l1UA3bUPLQQ==}
    cpu: [wasm32]
    requiresBuild: true
    dependencies:
      '@emnapi/core': 1.10.0
      '@emnapi/runtime': 1.10.0
      '@napi-rs/wasm-runtime': 1.1.4(@emnapi/core@1.10.0)(@emnapi/runtime@1.10.0)
    dev: true
    optional: true

  /@rspack/binding-win32-arm64-msvc@2.0.0:
    resolution: {integrity: sha512-IHZFRtJ85ONbM+BCtF4TeYXS2Fu9X0IJS2phX1rPibYq9iEtHGfBt4cNlnsJPhbPAXVvi4Oli/yiLRJ1zxtCIg==}
    cpu: [arm64]
    os: [win32]
    requiresBuild: true
    dev: true
    optional: true

  /@rspack/binding-win32-ia32-msvc@2.0.0:
    resolution: {integrity: sha512-n4tbIqacq/FhNJflMlgZV50AeQFTLh5hnDS3v4W+rJWa3IW1VfgB0+XppdeW+Dqhw7QcMIsCmro01kwNdlXZDQ==}
    cpu: [ia32]
    os: [win32]
    requiresBuild: true
    dev: true
    optional: true

  /@rspack/binding-win32-x64-msvc@2.0.0:
    resolution: {integrity: sha512-cJOgikIW2t3S+42TQZsv+DJriJt2m6lnUk+pUFu/fO93rrMvNrx8gfMxR8W5zDTreBX0cfMx2pw6EVmyi/YzsQ==}
    cpu: [x64]
    os: [win32]
    requiresBuild: true
    dev: true
    optional: true

  /@rspack/binding@2.0.0:
    resolution: {integrity: sha512-WA2f9eQpejkvf5Vrnf6wNCn1m8RT1p08NjgOZpKhsCzr0uBjWeRvGduawlrFFHZh/jPnWZTVaVdQ08FEAWbwGw==}
    optionalDependencies:
      '@rspack/binding-darwin-arm64': 2.0.0
      '@rspack/binding-darwin-x64': 2.0.0
      '@rspack/binding-linux-arm64-gnu': 2.0.0
      '@rspack/binding-linux-arm64-musl': 2.0.0
      '@rspack/binding-linux-x64-gnu': 2.0.0
      '@rspack/binding-linux-x64-musl': 2.0.0
      '@rspack/binding-wasm32-wasi': 2.0.0
      '@rspack/binding-win32-arm64-msvc': 2.0.0
      '@rspack/binding-win32-ia32-msvc': 2.0.0
      '@rspack/binding-win32-x64-msvc': 2.0.0
    dev: true

  /@rspack/core@2.0.0(@swc/helpers@0.5.21):
    resolution: {integrity: sha512-WD1mJM9LbZ7Z399Rbv9dE3BNEV0+3sE5OzDdzV8hOxUb3mX++ynK5n9kil8w60B6nGdcKeV9ly5aN4PgqiwWUg==}
    engines: {node: ^20.19.0 || >=22.12.0}
    peerDependencies:
      '@module-federation/runtime-tools': ^0.24.1 || ^2.0.0
      '@swc/helpers': '>=0.5.1'
    peerDependenciesMeta:
      '@module-federation/runtime-tools':
        optional: true
      '@swc/helpers':
        optional: true
    dependencies:
      '@rspack/binding': 2.0.0
      '@swc/helpers': 0.5.21
    dev: true

  /@rspack/plugin-react-refresh@2.0.0(react-refresh@0.18.0):
    resolution: {integrity: sha512-Cf6CxBStNDJbiXMc/GmsvG1G8PRlUpa0MSfWsMTI+e8npzuTN/p8nwLs3shriBZOLciqgkSZpBtPTd10BLpj1g==}
    peerDependencies:
      '@rspack/core': ^2.0.0-0
      react-refresh: '>=0.10.0 <1.0.0'
    peerDependenciesMeta:
      '@rspack/core':
        optional: true
    dependencies:
      react-refresh: 0.18.0
    dev: true

  /@swc/helpers@0.5.21:
    resolution: {integrity: sha512-jI/VAmtdjB/RnI8GTnokyX7Ug8c+g+ffD6QRLa6XQewtnGyukKkKSk3wLTM3b5cjt1jNh9x0jfVlagdN2gDKQg==}
    dependencies:
      tslib: 2.8.1
    dev: true

  /@tailwindcss/node@4.2.4:
    resolution: {integrity: sha512-Ai7+yQPxz3ddrDQzFfBKdHEVBg0w3Zl83jnjuwxnZOsnH9pGn93QHQtpU0p/8rYWxvbFZHneni6p1BSLK4DkGA==}
    dependencies:
      '@jridgewell/remapping': 2.3.5
      enhanced-resolve: 5.21.0
      jiti: 2.6.1
      lightningcss: 1.32.0
      magic-string: 0.30.21
      source-map-js: 1.2.1
      tailwindcss: 4.2.4
    dev: true

  /@tailwindcss/oxide-android-arm64@4.2.4:
    resolution: {integrity: sha512-e7MOr1SAn9U8KlZzPi1ZXGZHeC5anY36qjNwmZv9pOJ8E4Q6jmD1vyEHkQFmNOIN7twGPEMXRHmitN4zCMN03g==}
    engines: {node: '>= 20'}
    cpu: [arm64]
    os: [android]
    requiresBuild: true
    dev: true
    optional: true

  /@tailwindcss/oxide-darwin-arm64@4.2.4:
    resolution: {integrity: sha512-tSC/Kbqpz/5/o/C2sG7QvOxAKqyd10bq+ypZNf+9Fi2TvbVbv1zNpcEptcsU7DPROaSbVgUXmrzKhurFvo5eDg==}
    engines: {node: '>= 20'}
    cpu: [arm64]
    os: [darwin]
    requiresBuild: true
    dev: true
    optional: true

  /@tailwindcss/oxide-darwin-x64@4.2.4:
    resolution: {integrity: sha512-yPyUXn3yO/ufR6+Kzv0t4fCg2qNr90jxXc5QqBpjlPNd0NqyDXcmQb/6weunH/MEDXW5dhyEi+agTDiqa3WsGg==}
    engines: {node: '>= 20'}
    cpu: [x64]
    os: [darwin]
    requiresBuild: true
    dev: true
    optional: true

  /@tailwindcss/oxide-freebsd-x64@4.2.4:
    resolution: {integrity: sha512-BoMIB4vMQtZsXdGLVc2z+P9DbETkiopogfWZKbWwM8b/1Vinbs4YcUwo+kM/KeLkX3Ygrf4/PsRndKaYhS8Eiw==}
    engines: {node: '>= 20'}
    cpu: [x64]
    os: [freebsd]
    requiresBuild: true
    dev: true
    optional: true

  /@tailwindcss/oxide-linux-arm-gnueabihf@4.2.4:
    resolution: {integrity: sha512-7pIHBLTHYRAlS7V22JNuTh33yLH4VElwKtB3bwchK/UaKUPpQ0lPQiOWcbm4V3WP2I6fNIJ23vABIvoy2izdwA==}
    engines: {node: '>= 20'}
    cpu: [arm]
    os: [linux]
    requiresBuild: true
    dev: true
    optional: true

  /@tailwindcss/oxide-linux-arm64-gnu@4.2.4:
    resolution: {integrity: sha512-+E4wxJ0ZGOzSH325reXTWB48l42i93kQqMvDyz5gqfRzRZ7faNhnmvlV4EPGJU3QJM/3Ab5jhJ5pCRUsKn6OQw==}
    engines: {node: '>= 20'}
    cpu: [arm64]
    os: [linux]
    libc: [glibc]
    requiresBuild: true
    dev: true
    optional: true

  /@tailwindcss/oxide-linux-arm64-musl@4.2.4:
    resolution: {integrity: sha512-bBADEGAbo4ASnppIziaQJelekCxdMaxisrk+fB7Thit72IBnALp9K6ffA2G4ruj90G9XRS2VQ6q2bCKbfFV82g==}
    engines: {node: '>= 20'}
    cpu: [arm64]
    os: [linux]
    libc: [musl]
    requiresBuild: true
    dev: true
    optional: true

  /@tailwindcss/oxide-linux-x64-gnu@4.2.4:
    resolution: {integrity: sha512-7Mx25E4WTfnht0TVRTyC00j3i0M+EeFe7wguMDTlX4mRxafznw0CA8WJkFjWYH5BlgELd1kSjuU2JiPnNZbJDA==}
    engines: {node: '>= 20'}
    cpu: [x64]
    os: [linux]
    libc: [glibc]
    requiresBuild: true
    dev: true
    optional: true

  /@tailwindcss/oxide-linux-x64-musl@4.2.4:
    resolution: {integrity: sha512-2wwJRF7nyhOR0hhHoChc04xngV3iS+akccHTGtz965FwF0up4b2lOdo6kI1EbDaEXKgvcrFBYcYQQ/rrnWFVfA==}
    engines: {node: '>= 20'}
    cpu: [x64]
    os: [linux]
    libc: [musl]
    requiresBuild: true
    dev: true
    optional: true

  /@tailwindcss/oxide-wasm32-wasi@4.2.4:
    resolution: {integrity: sha512-FQsqApeor8Fo6gUEklzmaa9994orJZZDBAlQpK2Mq+DslRKFJeD6AjHpBQ0kZFQohVr8o85PPh8eOy86VlSCmw==}
    engines: {node: '>=14.0.0'}
    cpu: [wasm32]
    requiresBuild: true
    dev: true
    optional: true
    bundledDependencies:
      - '@napi-rs/wasm-runtime'
      - '@emnapi/core'
      - '@emnapi/runtime'
      - '@tybys/wasm-util'
      - '@emnapi/wasi-threads'
      - tslib

  /@tailwindcss/oxide-win32-arm64-msvc@4.2.4:
    resolution: {integrity: sha512-L9BXqxC4ToVgwMFqj3pmZRqyHEztulpUJzCxUtLjobMCzTPsGt1Fa9enKbOpY2iIyVtaHNeNvAK8ERP/64sqGQ==}
    engines: {node: '>= 20'}
    cpu: [arm64]
    os: [win32]
    requiresBuild: true
    dev: true
    optional: true

  /@tailwindcss/oxide-win32-x64-msvc@4.2.4:
    resolution: {integrity: sha512-ESlKG0EpVJQwRjXDDa9rLvhEAh0mhP1sF7sap9dNZT0yyl9SAG6T7gdP09EH0vIv0UNTlo6jPWyujD6559fZvw==}
    engines: {node: '>= 20'}
    cpu: [x64]
    os: [win32]
    requiresBuild: true
    dev: true
    optional: true

  /@tailwindcss/oxide@4.2.4:
    resolution: {integrity: sha512-9El/iI069DKDSXwTvB9J4BwdO5JhRrOweGaK25taBAvBXyXqJAX+Jqdvs8r8gKpsI/1m0LeJLyQYTf/WLrBT1Q==}
    engines: {node: '>= 20'}
    optionalDependencies:
      '@tailwindcss/oxide-android-arm64': 4.2.4
      '@tailwindcss/oxide-darwin-arm64': 4.2.4
      '@tailwindcss/oxide-darwin-x64': 4.2.4
      '@tailwindcss/oxide-freebsd-x64': 4.2.4
      '@tailwindcss/oxide-linux-arm-gnueabihf': 4.2.4
      '@tailwindcss/oxide-linux-arm64-gnu': 4.2.4
      '@tailwindcss/oxide-linux-arm64-musl': 4.2.4
      '@tailwindcss/oxide-linux-x64-gnu': 4.2.4
      '@tailwindcss/oxide-linux-x64-musl': 4.2.4
      '@tailwindcss/oxide-wasm32-wasi': 4.2.4
      '@tailwindcss/oxide-win32-arm64-msvc': 4.2.4
      '@tailwindcss/oxide-win32-x64-msvc': 4.2.4
    dev: true

  /@tailwindcss/postcss@4.2.4:
    resolution: {integrity: sha512-wgAVj6nUWAolAu8YFvzT2cTBIElWHkjZwFYovF+xsqKsW2ADxM/X2opxj5NsF/qVccAOjRNe8X2IdPzMsWyHTg==}
    dependencies:
      '@alloc/quick-lru': 5.2.0
      '@tailwindcss/node': 4.2.4
      '@tailwindcss/oxide': 4.2.4
      postcss: 8.5.10
      tailwindcss: 4.2.4
    dev: true

  /@tybys/wasm-util@0.10.1:
    resolution: {integrity: sha512-9tTaPJLSiejZKx+Bmog4uSubteqTvFrVrURwkmHixBo0G4seD0zUxp98E1DzUBJxLQ3NPwXrGKDiVjwx/DpPsg==}
    requiresBuild: true
    dependencies:
      tslib: 2.8.1
    dev: true
    optional: true

  /@types/babel__core@7.20.5:
    resolution: {integrity: sha512-qoQprZvz5wQFJwMDqeseRXWv3rqMvhgpbXFfVyWhbx9X47POIA6i/+dXefEmZKoAgOaTdaIgNSMqMIU61yRyzA==}
    dependencies:
      '@babel/parser': 7.29.2
      '@babel/types': 7.29.0
      '@types/babel__generator': 7.27.0
      '@types/babel__template': 7.4.4
      '@types/babel__traverse': 7.28.0
    dev: true

  /@types/babel__generator@7.27.0:
    resolution: {integrity: sha512-ufFd2Xi92OAVPYsy+P4n7/U7e68fex0+Ee8gSG9KX7eo084CWiQ4sdxktvdl0bOPupXtVJPY19zk6EwWqUQ8lg==}
    dependencies:
      '@babel/types': 7.29.0
    dev: true

  /@types/babel__template@7.4.4:
    resolution: {integrity: sha512-h/NUaSyG5EyxBIp8YRxo4RMe2/qQgvyowRwVMzhYhBCONbW8PUsg4lkFMrhgZhUe5z3L3MiLDuvyJ/CaPa2A8A==}
    dependencies:
      '@babel/parser': 7.29.2
      '@babel/types': 7.29.0
    dev: true

  /@types/babel__traverse@7.28.0:
    resolution: {integrity: sha512-8PvcXf70gTDZBgt9ptxJ8elBeBjcLOAcOtoO/mPJjtji1+CdGbHgm77om1GrsPxsiE+uXIpNSK64UYaIwQXd4Q==}
    dependencies:
      '@babel/types': 7.29.0
    dev: true

  /@types/react-dom@19.2.3(@types/react@19.2.14):
    resolution: {integrity: sha512-jp2L/eY6fn+KgVVQAOqYItbF0VY/YApe5Mz2F0aykSO8gx31bYCZyvSeYxCHKvzHG5eZjc+zyaS5BrBWya2+kQ==}
    peerDependencies:
      '@types/react': ^19.2.0
    dependencies:
      '@types/react': 19.2.14
    dev: true

  /@types/react@19.2.14:
    resolution: {integrity: sha512-ilcTH/UniCkMdtexkoCN0bI7pMcJDvmQFPvuPvmEaYA/NSfFTAgdUSLAoVjaRJm7+6PvcM+q1zYOwS4wTYMF9w==}
    dependencies:
      csstype: 3.2.3
    dev: true

  /babel-plugin-react-compiler@1.0.0:
    resolution: {integrity: sha512-Ixm8tFfoKKIPYdCCKYTsqv+Fd4IJ0DQqMyEimo+pxUOMUR9cVPlwTrFt9Avu+3cb6Zp3mAzl+t1MrG2fxxKsxw==}
    dependencies:
      '@babel/types': 7.29.0
    dev: true

  /baseline-browser-mapping@2.10.22:
    resolution: {integrity: sha512-6qruVrb5rse6WylFkU0FhBKKGuecWseqdpQfhkawn6ztyk2QlfwSRjsDxMCLJrkfmfN21qvhl9ABgaMeRkuwww==}
    engines: {node: '>=6.0.0'}
    hasBin: true
    dev: true

  /browserslist@4.28.2:
    resolution: {integrity: sha512-48xSriZYYg+8qXna9kwqjIVzuQxi+KYWp2+5nCYnYKPTr0LvD89Jqk2Or5ogxz0NUMfIjhh2lIUX/LyX9B4oIg==}
    engines: {node: ^6 || ^7 || ^8 || ^9 || ^10 || ^11 || ^12 || >=13.7}
    hasBin: true
    dependencies:
      baseline-browser-mapping: 2.10.22
      caniuse-lite: 1.0.30001791
      electron-to-chromium: 1.5.344
      node-releases: 2.0.38
      update-browserslist-db: 1.2.3(browserslist@4.28.2)
    dev: true

  /caniuse-lite@1.0.30001791:
    resolution: {integrity: sha512-yk0l/YSrOnFZk3UROpDLQD9+kC1l4meK/wed583AXrzoarMGJcbRi2Q4RaUYbKxYAsZ8sWmaSa/DsLmdBeI1vQ==}
    dev: true

  /convert-source-map@2.0.0:
    resolution: {integrity: sha512-Kvp459HrV2FEJ1CAsi1Ku+MY3kasH19TFykTz2xWmMeq6bk2NU3XXvfJ+Q61m0xktWwt+1HSYf3JZsTms3aRJg==}
    dev: true

  /csstype@3.2.3:
    resolution: {integrity: sha512-z1HGKcYy2xA8AGQfwrn0PAy+PB7X/GSj3UVJW9qKyn43xWa+gl5nXmU4qqLMRzWVLFC8KusUX8T/0kCiOYpAIQ==}
    dev: true

  /debug@4.4.3:
    resolution: {integrity: sha512-RGwwWnwQvkVfavKVt22FGLw+xYSdzARwm0ru6DhTVA3umU5hZc28V3kO4stgYryrTlLpuvgI9GiijltAjNbcqA==}
    engines: {node: '>=6.0'}
    peerDependencies:
      supports-color: '*'
    peerDependenciesMeta:
      supports-color:
        optional: true
    dependencies:
      ms: 2.1.3
    dev: true

  /detect-libc@2.1.2:
    resolution: {integrity: sha512-Btj2BOOO83o3WyH59e8MgXsxEQVcarkUOpEYrubB0urwnN10yQ364rsiByU11nZlqWYZm05i/of7io4mzihBtQ==}
    engines: {node: '>=8'}
    dev: true

  /electron-to-chromium@1.5.344:
    resolution: {integrity: sha512-4MxfbmNDm+KPh066EZy+eUnkcDPcZ35wNmOWzFuh/ijvHsve6kbLTLURy88uCNK5FbpN+yk2nQY6BYh1GEt+wg==}
    dev: true

  /enhanced-resolve@5.21.0:
    resolution: {integrity: sha512-otxSQPw4lkOZWkHpB3zaEQs6gWYEsmX4xQF68ElXC/TWvGxGMSGOvoNbaLXm6/cS/fSfHtsEdw90y20PCd+sCA==}
    engines: {node: '>=10.13.0'}
    dependencies:
      graceful-fs: 4.2.11
      tapable: 2.3.3
    dev: true

  /escalade@3.2.0:
    resolution: {integrity: sha512-WUj2qlxaQtO4g6Pq5c29GTcWGDyd8itL8zTlipgECz3JesAiiOKotd8JU6otB3PACgG6xkJUyVhboMS+bje/jA==}
    engines: {node: '>=6'}
    dev: true

  /gensync@1.0.0-beta.2:
    resolution: {integrity: sha512-3hN7NaskYvMDLQY55gnW3NQ+mesEAepTqlg+VEbj7zzqEMBVNhzcGYYeqFo/TlYz6eQiFcp1HcsCZO+nGgS8zg==}
    engines: {node: '>=6.9.0'}
    dev: true

  /graceful-fs@4.2.11:
    resolution: {integrity: sha512-RbJ5/jmFcNNCcDV5o9eTnBLJ/HszWV0P73bc+Ff4nS/rJj+YaS6IGyiOL0VoBYX+l1Wrl3k63h/KrH+nhJ0XvQ==}
    dev: true

  /jiti@2.6.1:
    resolution: {integrity: sha512-ekilCSN1jwRvIbgeg/57YFh8qQDNbwDb9xT/qu2DAHbFFZUicIl4ygVaAvzveMhMVr3LnpSKTNnwt8PoOfmKhQ==}
    hasBin: true
    dev: true

  /js-tokens@4.0.0:
    resolution: {integrity: sha512-RdJUflcE3cUzKiMqQgsCu06FPu9UdIJO0beYbPhHN4k6apgJtifcoCtT9bcxOpYBtpD2kCM6Sbzg4CausW/PKQ==}
    dev: true

  /jsesc@3.1.0:
    resolution: {integrity: sha512-/sM3dO2FOzXjKQhJuo0Q173wf2KOo8t4I8vHy6lF9poUp7bKT0/NHE8fPX23PwfhnykfqnC2xRxOnVw5XuGIaA==}
    engines: {node: '>=6'}
    hasBin: true
    dev: true

  /json5@2.2.3:
    resolution: {integrity: sha512-XmOWe7eyHYH14cLdVPoyg+GOH3rYX++KpzrylJwSW98t3Nk+U8XOl8FWKOgwtzdb8lXGf6zYwDUzeHMWfxasyg==}
    engines: {node: '>=6'}
    hasBin: true
    dev: true

  /lightningcss-android-arm64@1.32.0:
    resolution: {integrity: sha512-YK7/ClTt4kAK0vo6w3X+Pnm0D2cf2vPHbhOXdoNti1Ga0al1P4TBZhwjATvjNwLEBCnKvjJc2jQgHXH0NEwlAg==}
    engines: {node: '>= 12.0.0'}
    cpu: [arm64]
    os: [android]
    requiresBuild: true
    dev: true
    optional: true

  /lightningcss-darwin-arm64@1.32.0:
    resolution: {integrity: sha512-RzeG9Ju5bag2Bv1/lwlVJvBE3q6TtXskdZLLCyfg5pt+HLz9BqlICO7LZM7VHNTTn/5PRhHFBSjk5lc4cmscPQ==}
    engines: {node: '>= 12.0.0'}
    cpu: [arm64]
    os: [darwin]
    requiresBuild: true
    dev: true
    optional: true

  /lightningcss-darwin-x64@1.32.0:
    resolution: {integrity: sha512-U+QsBp2m/s2wqpUYT/6wnlagdZbtZdndSmut/NJqlCcMLTWp5muCrID+K5UJ6jqD2BFshejCYXniPDbNh73V8w==}
    engines: {node: '>= 12.0.0'}
    cpu: [x64]
    os: [darwin]
    requiresBuild: true
    dev: true
    optional: true

  /lightningcss-freebsd-x64@1.32.0:
    resolution: {integrity: sha512-JCTigedEksZk3tHTTthnMdVfGf61Fky8Ji2E4YjUTEQX14xiy/lTzXnu1vwiZe3bYe0q+SpsSH/CTeDXK6WHig==}
    engines: {node: '>= 12.0.0'}
    cpu: [x64]
    os: [freebsd]
    requiresBuild: true
    dev: true
    optional: true

  /lightningcss-linux-arm-gnueabihf@1.32.0:
    resolution: {integrity: sha512-x6rnnpRa2GL0zQOkt6rts3YDPzduLpWvwAF6EMhXFVZXD4tPrBkEFqzGowzCsIWsPjqSK+tyNEODUBXeeVHSkw==}
    engines: {node: '>= 12.0.0'}
    cpu: [arm]
    os: [linux]
    requiresBuild: true
    dev: true
    optional: true

  /lightningcss-linux-arm64-gnu@1.32.0:
    resolution: {integrity: sha512-0nnMyoyOLRJXfbMOilaSRcLH3Jw5z9HDNGfT/gwCPgaDjnx0i8w7vBzFLFR1f6CMLKF8gVbebmkUN3fa/kQJpQ==}
    engines: {node: '>= 12.0.0'}
    cpu: [arm64]
    os: [linux]
    libc: [glibc]
    requiresBuild: true
    dev: true
    optional: true

  /lightningcss-linux-arm64-musl@1.32.0:
    resolution: {integrity: sha512-UpQkoenr4UJEzgVIYpI80lDFvRmPVg6oqboNHfoH4CQIfNA+HOrZ7Mo7KZP02dC6LjghPQJeBsvXhJod/wnIBg==}
    engines: {node: '>= 12.0.0'}
    cpu: [arm64]
    os: [linux]
    libc: [musl]
    requiresBuild: true
    dev: true
    optional: true

  /lightningcss-linux-x64-gnu@1.32.0:
    resolution: {integrity: sha512-V7Qr52IhZmdKPVr+Vtw8o+WLsQJYCTd8loIfpDaMRWGUZfBOYEJeyJIkqGIDMZPwPx24pUMfwSxxI8phr/MbOA==}
    engines: {node: '>= 12.0.0'}
    cpu: [x64]
    os: [linux]
    libc: [glibc]
    requiresBuild: true
    dev: true
    optional: true

  /lightningcss-linux-x64-musl@1.32.0:
    resolution: {integrity: sha512-bYcLp+Vb0awsiXg/80uCRezCYHNg1/l3mt0gzHnWV9XP1W5sKa5/TCdGWaR/zBM2PeF/HbsQv/j2URNOiVuxWg==}
    engines: {node: '>= 12.0.0'}
    cpu: [x64]
    os: [linux]
    libc: [musl]
    requiresBuild: true
    dev: true
    optional: true

  /lightningcss-win32-arm64-msvc@1.32.0:
    resolution: {integrity: sha512-8SbC8BR40pS6baCM8sbtYDSwEVQd4JlFTOlaD3gWGHfThTcABnNDBda6eTZeqbofalIJhFx0qKzgHJmcPTnGdw==}
    engines: {node: '>= 12.0.0'}
    cpu: [arm64]
    os: [win32]
    requiresBuild: true
    dev: true
    optional: true

  /lightningcss-win32-x64-msvc@1.32.0:
    resolution: {integrity: sha512-Amq9B/SoZYdDi1kFrojnoqPLxYhQ4Wo5XiL8EVJrVsB8ARoC1PWW6VGtT0WKCemjy8aC+louJnjS7U18x3b06Q==}
    engines: {node: '>= 12.0.0'}
    cpu: [x64]
    os: [win32]
    requiresBuild: true
    dev: true
    optional: true

  /lightningcss@1.32.0:
    resolution: {integrity: sha512-NXYBzinNrblfraPGyrbPoD19C1h9lfI/1mzgWYvXUTe414Gz/X1FD2XBZSZM7rRTrMA8JL3OtAaGifrIKhQ5yQ==}
    engines: {node: '>= 12.0.0'}
    dependencies:
      detect-libc: 2.1.2
    optionalDependencies:
      lightningcss-android-arm64: 1.32.0
      lightningcss-darwin-arm64: 1.32.0
      lightningcss-darwin-x64: 1.32.0
      lightningcss-freebsd-x64: 1.32.0
      lightningcss-linux-arm-gnueabihf: 1.32.0
      lightningcss-linux-arm64-gnu: 1.32.0
      lightningcss-linux-arm64-musl: 1.32.0
      lightningcss-linux-x64-gnu: 1.32.0
      lightningcss-linux-x64-musl: 1.32.0
      lightningcss-win32-arm64-msvc: 1.32.0
      lightningcss-win32-x64-msvc: 1.32.0
    dev: true

  /lru-cache@5.1.1:
    resolution: {integrity: sha512-KpNARQA3Iwv+jTA0utUVVbrh+Jlrr1Fv0e56GGzAFOXN7dk/FviaDW8LHmK52DlcH4WP2n6gI8vN1aesBFgo9w==}
    dependencies:
      yallist: 3.1.1
    dev: true

  /magic-string@0.30.21:
    resolution: {integrity: sha512-vd2F4YUyEXKGcLHoq+TEyCjxueSeHnFxyyjNp80yg0XV4vUhnDer/lvvlqM/arB5bXQN5K2/3oinyCRyx8T2CQ==}
    dependencies:
      '@jridgewell/sourcemap-codec': 1.5.5
    dev: true

  /ms@2.1.3:
    resolution: {integrity: sha512-6FlzubTLZG3J2a/NVCAleEhjzq5oxgHyaCU9yYXvcLsvoVaHJq/s5xXI6/XXP6tz7R9xAOtHnSO/tXtF3WRTlA==}
    dev: true

  /nanoid@3.3.11:
    resolution: {integrity: sha512-N8SpfPUnUp1bK+PMYW8qSWdl9U+wwNWI4QKxOYDy9JAro3WMX7p2OeVRF9v+347pnakNevPmiHhNmZ2HbFA76w==}
    engines: {node: ^10 || ^12 || ^13.7 || ^14 || >=15.0.1}
    hasBin: true
    dev: true

  /node-releases@2.0.38:
    resolution: {integrity: sha512-3qT/88Y3FbH/Kx4szpQQ4HzUbVrHPKTLVpVocKiLfoYvw9XSGOX2FmD2d6DrXbVYyAQTF2HeF6My8jmzx7/CRw==}
    dev: true

  /picocolors@1.1.1:
    resolution: {integrity: sha512-xceH2snhtb5M9liqDsmEw56le376mTZkEX/jEb/RxNFyegNul7eNslCXP9FDj/Lcu0X8KEyMceP2ntpaHrDEVA==}
    dev: true

  /postcss@8.5.10:
    resolution: {integrity: sha512-pMMHxBOZKFU6HgAZ4eyGnwXF/EvPGGqUr0MnZ5+99485wwW41kW91A4LOGxSHhgugZmSChL5AlElNdwlNgcnLQ==}
    engines: {node: ^10 || ^12 || >=14}
    dependencies:
      nanoid: 3.3.11
      picocolors: 1.1.1
      source-map-js: 1.2.1
    dev: true

  /prettier@3.8.3:
    resolution: {integrity: sha512-7igPTM53cGHMW8xWuVTydi2KO233VFiTNyF5hLJqpilHfmn8C8gPf+PS7dUT64YcXFbiMGZxS9pCSxL/Dxm/Jw==}
    engines: {node: '>=14'}
    hasBin: true
    dev: true

  /react-dom@19.2.5(react@19.2.5):
    resolution: {integrity: sha512-J5bAZz+DXMMwW/wV3xzKke59Af6CHY7G4uYLN1OvBcKEsWOs4pQExj86BBKamxl/Ik5bx9whOrvBlSDfWzgSag==}
    peerDependencies:
      react: ^19.2.5
    dependencies:
      react: 19.2.5
      scheduler: 0.27.0
    dev: false

  /react-refresh@0.18.0:
    resolution: {integrity: sha512-QgT5//D3jfjJb6Gsjxv0Slpj23ip+HtOpnNgnb2S5zU3CB26G/IDPGoy4RJB42wzFE46DRsstbW6tKHoKbhAxw==}
    engines: {node: '>=0.10.0'}
    dev: true

  /react@19.2.5:
    resolution: {integrity: sha512-llUJLzz1zTUBrskt2pwZgLq59AemifIftw4aB7JxOqf1HY2FDaGDxgwpAPVzHU1kdWabH7FauP4i1oEeer2WCA==}
    engines: {node: '>=0.10.0'}
    dev: false

  /reduce-configs@1.1.2:
    resolution: {integrity: sha512-AgBP55V8FC7NaqoOP2RCbTpu6LE+YuX3LUZkNAoitcfyS3/PIC8Obg/TJrBzTkJ+lDvZv0TTAeDpLkzjTtYlbw==}
    dev: true

  /scheduler@0.27.0:
    resolution: {integrity: sha512-eNv+WrVbKu1f3vbYJT/xtiF5syA5HPIMtf9IgY/nKg0sWqzAUEvqY/xm7OcZc/qafLx/iO9FgOmeSAp4v5ti/Q==}
    dev: false

  /semver@6.3.1:
    resolution: {integrity: sha512-BR7VvDCVHO+q2xBEWskxS6DJE1qRnb7DxzUrogb71CWoSficBxYsiAGd+Kl0mmq/MprG9yArRkyrQxTO6XjMzA==}
    hasBin: true
    dev: true

  /source-map-js@1.2.1:
    resolution: {integrity: sha512-UXWMKhLOwVKb728IUtQPXxfYU+usdybtUrK/8uGE8CQMvrhOpwvzDBwj0QhSL7MQc7vIsISBG8VQ8+IDQxpfQA==}
    engines: {node: '>=0.10.0'}
    dev: true

  /tailwindcss@4.2.4:
    resolution: {integrity: sha512-HhKppgO81FQof5m6TEnuBWCZGgfRAWbaeOaGT00KOy/Pf/j6oUihdvBpA7ltCeAvZpFhW3j0PTclkxsd4IXYDA==}
    dev: true

  /tapable@2.3.3:
    resolution: {integrity: sha512-uxc/zpqFg6x7C8vOE7lh6Lbda8eEL9zmVm/PLeTPBRhh1xCgdWaQ+J1CUieGpIfm2HdtsUpRv+HshiasBMcc6A==}
    engines: {node: '>=6'}
    dev: true

  /tslib@2.8.1:
    resolution: {integrity: sha512-oJFu94HQb+KVduSUQL7wnpmqnfmLsOA/nAh6b6EH0wCEoK0/mPeXU6c3wKDV83MkOuHPRHtSXKKU99IBazS/2w==}
    dev: true

  /typescript@6.0.3:
    resolution: {integrity: sha512-y2TvuxSZPDyQakkFRPZHKFm+KKVqIisdg9/CZwm9ftvKXLP8NRWj38/ODjNbr43SsoXqNuAisEf1GdCxqWcdBw==}
    engines: {node: '>=14.17'}
    hasBin: true
    dev: true

  /update-browserslist-db@1.2.3(browserslist@4.28.2):
    resolution: {integrity: sha512-Js0m9cx+qOgDxo0eMiFGEueWztz+d4+M3rGlmKPT+T4IS/jP4ylw3Nwpu6cpTTP8R1MAC1kF4VbdLt3ARf209w==}
    hasBin: true
    peerDependencies:
      browserslist: '>= 4.21.0'
    dependencies:
      browserslist: 4.28.2
      escalade: 3.2.0
      picocolors: 1.1.1
    dev: true

  /yallist@3.1.1:
    resolution: {integrity: sha512-a4UGQaWPH59mOXUYnAG2ewncQS4i4F43Tv3JoAM+s2VDAmS9NsK8GpDMLrCHPksFT7h3K6TOoUNn2pb7RoXx4g==}
    dev: true
